
Microsoft Visual Studio Solution File, Format Version 12.00
# Visual Studio Version 16
VisualStudioVersion = 16.0.30001.183
MinimumVisualStudioVersion = 10.0.40219.1
Project("{FAE04EC0-301F-11D3-BF4B-00C04F79EFBC}") = "BlazorApp1", "BlazorApp1\BlazorApp1.csproj", "{C7B5C38F-E64A-41D2-94B4-F37D36029DB8}"
EndProject
Global
	GlobalSection(SolutionConfigurationPlatforms) = preSolution
		Debug|Any CPU = Debug|Any CPU
		Release|Any CPU = Release|Any CPU
	EndGlobalSection
	GlobalSection(ProjectConfigurationPlatforms) = postSolution
		{C7B5C38F-E64A-41D2-94B4-F37D36029DB8}.Debug|Any CPU.ActiveCfg = Debug|Any CPU
		{C7B5C38F-E64A-41D2-94B4-F37D36029DB8}.Debug|Any CPU.Build.0 = Debug|Any CPU
		{C7B5C38F-E64A-41D2-94B4-F37D36029DB8}.Release|Any CPU.ActiveCfg = Release|Any CPU
		{C7B5C38F-E64A-41D2-94B4-F37D36029DB8}.Release|Any CPU.Build.0 = Release|Any CPU
	EndGlobalSection
	GlobalSection(SolutionProperties) = preSolution
		HideSolutionNode = FALSE
	EndGlobalSection
	GlobalSection(ExtensibilityGlobals) = postSolution
		SolutionGuid = {B36B8147-52FE-4D11-84B7-F350BC821D8A}
	EndGlobalSection
EndGlobal
